// !$*UTF8*$!
{
	archiveVersion = 1;
	classes = {
	};
	objectVersion = 55;
	objects = {

/* Begin PBXBuildFile section */
		7D34709028D2D8FB00616560 /* GenreViewController.swift in Sources */ = {isa = PBXBuildFile; fileRef = 7D34708F28D2D8FB00616560 /* GenreViewController.swift */; };
		7D34709328D2DB5D00616560 /* MusicCollection.swift in Sources */ = {isa = PBXBuildFile; fileRef = 7D34709228D2DB5D00616560 /* MusicCollection.swift */; };
		7D34709528D2DBA000616560 /* Genre.swift in Sources */ = {isa = PBXBuildFile; fileRef = 7D34709428D2DBA000616560 /* Genre.swift */; };
		7D34709728D2DF4500616560 /* GenreCollectionViewCell.swift in Sources */ = {isa = PBXBuildFile; fileRef = 7D34709628D2DF4500616560 /* GenreCollectionViewCell.swift */; };
		7D34709928D2E05D00616560 /* GenreViewModel.swift in Sources */ = {isa = PBXBuildFile; fileRef = 7D34709828D2E05D00616560 /* GenreViewModel.swift */; };
		7D34709B28E2F0B300616560 /* MusicStorageError.swift in Sources */ = {isa = PBXBuildFile; fileRef = 7D34709A28E2F0B300616560 /* MusicStorageError.swift */; };
		7D489FAB28BF76C400FEA7B6 /* AlbumViewModel.swift in Sources */ = {isa = PBXBuildFile; fileRef = 7D489FAA28BF76C400FEA7B6 /* AlbumViewModel.swift */; };
		7D489FAD28C73F5B00FEA7B6 /* MusicStorage.swift in Sources */ = {isa = PBXBuildFile; fileRef = 7D489FAC28C73F5B00FEA7B6 /* MusicStorage.swift */; };
		7D489FAF28C8786D00FEA7B6 /* AppleMusicURLComponents.swift in Sources */ = {isa = PBXBuildFile; fileRef = 7D489FAE28C8786D00FEA7B6 /* AppleMusicURLComponents.swift */; };
		7D5AD65128EC75D4007E98B3 /* PlayerViewController.swift in Sources */ = {isa = PBXBuildFile; fileRef = 7D5AD65028EC75D4007E98B3 /* PlayerViewController.swift */; };
		7D5AD65328ED672B007E98B3 /* MusicKitPlayer.swift in Sources */ = {isa = PBXBuildFile; fileRef = 7D5AD65228ED672B007E98B3 /* MusicKitPlayer.swift */; };
		A7845AC228B5083D00E26C89 /* ThemeConfigurator.swift in Sources */ = {isa = PBXBuildFile; fileRef = A7845AC128B5083D00E26C89 /* ThemeConfigurator.swift */; };
		A7845AC528B609DE00E26C89 /* Constants.swift in Sources */ = {isa = PBXBuildFile; fileRef = A7845AC428B609DE00E26C89 /* Constants.swift */; };
		A78CB380288FF97E00A2AAB8 /* CircularSlider.swift in Sources */ = {isa = PBXBuildFile; fileRef = A78CB37F288FF97E00A2AAB8 /* CircularSlider.swift */; };
		A7CE004628800F610014B37C /* love.mp3 in Resources */ = {isa = PBXBuildFile; fileRef = A7CE003828800F610014B37C /* love.mp3 */; };
		A7CE004728800F610014B37C /* jazzyfrenchy.mp3 in Resources */ = {isa = PBXBuildFile; fileRef = A7CE003928800F610014B37C /* jazzyfrenchy.mp3 */; };
		A7CE004828800F610014B37C /* hipjazz.mp3 in Resources */ = {isa = PBXBuildFile; fileRef = A7CE003A28800F610014B37C /* hipjazz.mp3 */; };
		A7CE004928800F610014B37C /* jazzcomedy.mp3 in Resources */ = {isa = PBXBuildFile; fileRef = A7CE003B28800F610014B37C /* jazzcomedy.mp3 */; };
		A7CE004A28800F610014B37C /* thelounge.mp3 in Resources */ = {isa = PBXBuildFile; fileRef = A7CE003C28800F610014B37C /* thelounge.mp3 */; };
		A7CE004B28800F610014B37C /* bensound-doctoryes.mp3 in Resources */ = {isa = PBXBuildFile; fileRef = A7CE003D28800F610014B37C /* bensound-doctoryes.mp3 */; };
		A7CE004C28800F610014B37C /* bensound-thereddress.mp3 in Resources */ = {isa = PBXBuildFile; fileRef = A7CE003E28800F610014B37C /* bensound-thereddress.mp3 */; };
		A7CE004D28800F610014B37C /* bensound-charliesmood.mp3 in Resources */ = {isa = PBXBuildFile; fileRef = A7CE003F28800F610014B37C /* bensound-charliesmood.mp3 */; };
		A7CE004E28800F610014B37C /* bensound-thethief.mp3 in Resources */ = {isa = PBXBuildFile; fileRef = A7CE004028800F610014B37C /* bensound-thethief.mp3 */; };
		A7CE004F28800F610014B37C /* bensound-mademoiselle.mp3 in Resources */ = {isa = PBXBuildFile; fileRef = A7CE004128800F610014B37C /* bensound-mademoiselle.mp3 */; };
		A7CE005028800F610014B37C /* bensound-goodmood.mp3 in Resources */ = {isa = PBXBuildFile; fileRef = A7CE004228800F610014B37C /* bensound-goodmood.mp3 */; };
		A7CE005128800F610014B37C /* allthat.mp3 in Resources */ = {isa = PBXBuildFile; fileRef = A7CE004328800F610014B37C /* allthat.mp3 */; };
		A7CE005228800F610014B37C /* thejazzpiano.mp3 in Resources */ = {isa = PBXBuildFile; fileRef = A7CE004428800F610014B37C /* thejazzpiano.mp3 */; };
		A7CE005328800F610014B37C /* badass.mp3 in Resources */ = {isa = PBXBuildFile; fileRef = A7CE004528800F610014B37C /* badass.mp3 */; };
		A7CE0064288017E10014B37C /* buddy.mp3 in Resources */ = {isa = PBXBuildFile; fileRef = A7CE0055288017E10014B37C /* buddy.mp3 */; };
		A7CE0065288017E10014B37C /* smile.mp3 in Resources */ = {isa = PBXBuildFile; fileRef = A7CE0056288017E10014B37C /* smile.mp3 */; };
		A7CE0066288017E10014B37C /* tenderness.mp3 in Resources */ = {isa = PBXBuildFile; fileRef = A7CE0057288017E10014B37C /* tenderness.mp3 */; };
		A7CE0067288017E10014B37C /* cute.mp3 in Resources */ = {isa = PBXBuildFile; fileRef = A7CE0058288017E10014B37C /* cute.mp3 */; };
		A7CE0068288017E10014B37C /* smallguitar.mp3 in Resources */ = {isa = PBXBuildFile; fileRef = A7CE0059288017E10014B37C /* smallguitar.mp3 */; };
		A7CE0069288017E10014B37C /* sunny.mp3 in Resources */ = {isa = PBXBuildFile; fileRef = A7CE005A288017E10014B37C /* sunny.mp3 */; };
		A7CE006A288017E10014B37C /* sweet.mp3 in Resources */ = {isa = PBXBuildFile; fileRef = A7CE005B288017E10014B37C /* sweet.mp3 */; };
		A7CE006B288017E10014B37C /* acousticbreeze.mp3 in Resources */ = {isa = PBXBuildFile; fileRef = A7CE005C288017E10014B37C /* acousticbreeze.mp3 */; };
		A7CE006C288017E10014B37C /* happiness.mp3 in Resources */ = {isa = PBXBuildFile; fileRef = A7CE005D288017E10014B37C /* happiness.mp3 */; };
		A7CE006D288017E10014B37C /* funday.mp3 in Resources */ = {isa = PBXBuildFile; fileRef = A7CE005E288017E10014B37C /* funday.mp3 */; };
		A7CE006E288017E10014B37C /* slowmotion.mp3 in Resources */ = {isa = PBXBuildFile; fileRef = A7CE005F288017E10014B37C /* slowmotion.mp3 */; };
		A7CE006F288017E10014B37C /* adaytoremember.mp3 in Resources */ = {isa = PBXBuildFile; fileRef = A7CE0060288017E10014B37C /* adaytoremember.mp3 */; };
		A7CE0070288017E10014B37C /* hey.mp3 in Resources */ = {isa = PBXBuildFile; fileRef = A7CE0061288017E10014B37C /* hey.mp3 */; };
		A7CE0071288017E10014B37C /* ukulele.mp3 in Resources */ = {isa = PBXBuildFile; fileRef = A7CE0062288017E10014B37C /* ukulele.mp3 */; };
		A7CE0072288017E10014B37C /* funkysuspense.mp3 in Resources */ = {isa = PBXBuildFile; fileRef = A7CE0063288017E10014B37C /* funkysuspense.mp3 */; };
		A7CE0085288017E90014B37C /* ofeliasdream.mp3 in Resources */ = {isa = PBXBuildFile; fileRef = A7CE0074288017E90014B37C /* ofeliasdream.mp3 */; };
		A7CE0086288017E90014B37C /* memories.mp3 in Resources */ = {isa = PBXBuildFile; fileRef = A7CE0075288017E90014B37C /* memories.mp3 */; };
		A7CE0087288017E90014B37C /* birthofahero.mp3 in Resources */ = {isa = PBXBuildFile; fileRef = A7CE0076288017E90014B37C /* birthofahero.mp3 */; };
		A7CE0088288017E90014B37C /* november.mp3 in Resources */ = {isa = PBXBuildFile; fileRef = A7CE0077288017E90014B37C /* november.mp3 */; };
		A7CE0089288017E90014B37C /* tomorrow.mp3 in Resources */ = {isa = PBXBuildFile; fileRef = A7CE0078288017E90014B37C /* tomorrow.mp3 */; };
		A7CE008A288017E90014B37C /* theduel.mp3 in Resources */ = {isa = PBXBuildFile; fileRef = A7CE0079288017E90014B37C /* theduel.mp3 */; };
		A7CE008B288017E90014B37C /* photoalbum.mp3 in Resources */ = {isa = PBXBuildFile; fileRef = A7CE007A288017E90014B37C /* photoalbum.mp3 */; };
		A7CE008C288017E90014B37C /* instinct.mp3 in Resources */ = {isa = PBXBuildFile; fileRef = A7CE007B288017E90014B37C /* instinct.mp3 */; };
		A7CE008D288017E90014B37C /* pianomoment.mp3 in Resources */ = {isa = PBXBuildFile; fileRef = A7CE007C288017E90014B37C /* pianomoment.mp3 */; };
		A7CE008E288017E90014B37C /* scifi.mp3 in Resources */ = {isa = PBXBuildFile; fileRef = A7CE007D288017E90014B37C /* scifi.mp3 */; };
		A7CE008F288017E90014B37C /* adventure.mp3 in Resources */ = {isa = PBXBuildFile; fileRef = A7CE007E288017E90014B37C /* adventure.mp3 */; };
		A7CE0090288017E90014B37C /* epic.mp3 in Resources */ = {isa = PBXBuildFile; fileRef = A7CE007F288017E90014B37C /* epic.mp3 */; };
		A7CE0091288017E90014B37C /* evolution.mp3 in Resources */ = {isa = PBXBuildFile; fileRef = A7CE0080288017E90014B37C /* evolution.mp3 */; };
		A7CE0092288017E90014B37C /* creepy.mp3 in Resources */ = {isa = PBXBuildFile; fileRef = A7CE0081288017E90014B37C /* creepy.mp3 */; };
		A7CE0093288017E90014B37C /* betterdays.mp3 in Resources */ = {isa = PBXBuildFile; fileRef = A7CE0082288017E90014B37C /* betterdays.mp3 */; };
		A7CE0094288017E90014B37C /* onceagain.mp3 in Resources */ = {isa = PBXBuildFile; fileRef = A7CE0083288017E90014B37C /* onceagain.mp3 */; };
		A7CE0095288017E90014B37C /* enigmatic.mp3 in Resources */ = {isa = PBXBuildFile; fileRef = A7CE0084288017E90014B37C /* enigmatic.mp3 */; };
		A7CEFF55287EBC3D0014B37C /* AppDelegate.swift in Sources */ = {isa = PBXBuildFile; fileRef = A7CEFF54287EBC3D0014B37C /* AppDelegate.swift */; };
		A7CEFF57287EBC3D0014B37C /* SceneDelegate.swift in Sources */ = {isa = PBXBuildFile; fileRef = A7CEFF56287EBC3D0014B37C /* SceneDelegate.swift */; };
		A7CEFF5C287EBC3D0014B37C /* Main.storyboard in Resources */ = {isa = PBXBuildFile; fileRef = A7CEFF5A287EBC3D0014B37C /* Main.storyboard */; };
		A7CEFF5E287EBC3F0014B37C /* Assets.xcassets in Resources */ = {isa = PBXBuildFile; fileRef = A7CEFF5D287EBC3F0014B37C /* Assets.xcassets */; };
		A7CEFF61287EBC3F0014B37C /* LaunchScreen.storyboard in Resources */ = {isa = PBXBuildFile; fileRef = A7CEFF5F287EBC3F0014B37C /* LaunchScreen.storyboard */; };
		A7CEFFA2287EBCCE0014B37C /* Song.swift in Sources */ = {isa = PBXBuildFile; fileRef = A7CEFF69287EBCCE0014B37C /* Song.swift */; };
		A7CEFFA3287EBCCE0014B37C /* Album.swift in Sources */ = {isa = PBXBuildFile; fileRef = A7CEFF6A287EBCCE0014B37C /* Album.swift */; };
		A7CEFFC1287EBCCE0014B37C /* AlbumTableViewCell.swift in Sources */ = {isa = PBXBuildFile; fileRef = A7CEFF8B287EBCCE0014B37C /* AlbumTableViewCell.swift */; };
		A7CEFFC2287EBCCE0014B37C /* MediaPlayer.swift in Sources */ = {isa = PBXBuildFile; fileRef = A7CEFF8C287EBCCE0014B37C /* MediaPlayer.swift */; };
		A7CEFFC3287EBCCE0014B37C /* AlbumViewController.swift in Sources */ = {isa = PBXBuildFile; fileRef = A7CEFF8E287EBCCE0014B37C /* AlbumViewController.swift */; };
		A7CEFFC4287EBCCE0014B37C /* MusicPlayerViewController.swift in Sources */ = {isa = PBXBuildFile; fileRef = A7CEFF8F287EBCCE0014B37C /* MusicPlayerViewController.swift */; };
		A7F879F42894254900673941 /* CGPoint+Extension.swift in Sources */ = {isa = PBXBuildFile; fileRef = A7F879F32894254900673941 /* CGPoint+Extension.swift */; };
		A7F879F82897E97100673941 /* UIImageView+drawCircle.swift in Sources */ = {isa = PBXBuildFile; fileRef = A7F879F72897E97100673941 /* UIImageView+drawCircle.swift */; };
		A7F879FA2897EBD200673941 /* UIView+GradientOnPath.swift in Sources */ = {isa = PBXBuildFile; fileRef = A7F879F92897EBD200673941 /* UIView+GradientOnPath.swift */; };
/* End PBXBuildFile section */

/* Begin PBXFileReference section */
		7D34708F28D2D8FB00616560 /* GenreViewController.swift */ = {isa = PBXFileReference; lastKnownFileType = sourcecode.swift; path = GenreViewController.swift; sourceTree = "<group>"; };
		7D34709228D2DB5D00616560 /* MusicCollection.swift */ = {isa = PBXFileReference; lastKnownFileType = sourcecode.swift; path = MusicCollection.swift; sourceTree = "<group>"; };
		7D34709428D2DBA000616560 /* Genre.swift */ = {isa = PBXFileReference; lastKnownFileType = sourcecode.swift; path = Genre.swift; sourceTree = "<group>"; };
		7D34709628D2DF4500616560 /* GenreCollectionViewCell.swift */ = {isa = PBXFileReference; lastKnownFileType = sourcecode.swift; path = GenreCollectionViewCell.swift; sourceTree = "<group>"; };
		7D34709828D2E05D00616560 /* GenreViewModel.swift */ = {isa = PBXFileReference; lastKnownFileType = sourcecode.swift; path = GenreViewModel.swift; sourceTree = "<group>"; };
		7D34709A28E2F0B300616560 /* MusicStorageError.swift */ = {isa = PBXFileReference; lastKnownFileType = sourcecode.swift; path = MusicStorageError.swift; sourceTree = "<group>"; };
		7D489FAA28BF76C400FEA7B6 /* AlbumViewModel.swift */ = {isa = PBXFileReference; lastKnownFileType = sourcecode.swift; path = AlbumViewModel.swift; sourceTree = "<group>"; };
		7D489FAC28C73F5B00FEA7B6 /* MusicStorage.swift */ = {isa = PBXFileReference; lastKnownFileType = sourcecode.swift; path = MusicStorage.swift; sourceTree = "<group>"; };
		7D489FAE28C8786D00FEA7B6 /* AppleMusicURLComponents.swift */ = {isa = PBXFileReference; lastKnownFileType = sourcecode.swift; path = AppleMusicURLComponents.swift; sourceTree = "<group>"; };
		7D5AD65028EC75D4007E98B3 /* PlayerViewController.swift */ = {isa = PBXFileReference; lastKnownFileType = sourcecode.swift; path = PlayerViewController.swift; sourceTree = "<group>"; };
		7D5AD65228ED672B007E98B3 /* MusicKitPlayer.swift */ = {isa = PBXFileReference; lastKnownFileType = sourcecode.swift; path = MusicKitPlayer.swift; sourceTree = "<group>"; };
		A7845AC128B5083D00E26C89 /* ThemeConfigurator.swift */ = {isa = PBXFileReference; lastKnownFileType = sourcecode.swift; path = ThemeConfigurator.swift; sourceTree = "<group>"; };
		A7845AC428B609DE00E26C89 /* Constants.swift */ = {isa = PBXFileReference; lastKnownFileType = sourcecode.swift; path = Constants.swift; sourceTree = "<group>"; };
		A78CB37F288FF97E00A2AAB8 /* CircularSlider.swift */ = {isa = PBXFileReference; lastKnownFileType = sourcecode.swift; path = CircularSlider.swift; sourceTree = "<group>"; };
		A7CE003828800F610014B37C /* love.mp3 */ = {isa = PBXFileReference; lastKnownFileType = audio.mp3; path = love.mp3; sourceTree = "<group>"; };
		A7CE003928800F610014B37C /* jazzyfrenchy.mp3 */ = {isa = PBXFileReference; lastKnownFileType = audio.mp3; path = jazzyfrenchy.mp3; sourceTree = "<group>"; };
		A7CE003A28800F610014B37C /* hipjazz.mp3 */ = {isa = PBXFileReference; lastKnownFileType = audio.mp3; path = hipjazz.mp3; sourceTree = "<group>"; };
		A7CE003B28800F610014B37C /* jazzcomedy.mp3 */ = {isa = PBXFileReference; lastKnownFileType = audio.mp3; path = jazzcomedy.mp3; sourceTree = "<group>"; };
		A7CE003C28800F610014B37C /* thelounge.mp3 */ = {isa = PBXFileReference; lastKnownFileType = audio.mp3; path = thelounge.mp3; sourceTree = "<group>"; };
		A7CE003D28800F610014B37C /* bensound-doctoryes.mp3 */ = {isa = PBXFileReference; lastKnownFileType = audio.mp3; path = "bensound-doctoryes.mp3"; sourceTree = "<group>"; };
		A7CE003E28800F610014B37C /* bensound-thereddress.mp3 */ = {isa = PBXFileReference; lastKnownFileType = audio.mp3; path = "bensound-thereddress.mp3"; sourceTree = "<group>"; };
		A7CE003F28800F610014B37C /* bensound-charliesmood.mp3 */ = {isa = PBXFileReference; lastKnownFileType = audio.mp3; path = "bensound-charliesmood.mp3"; sourceTree = "<group>"; };
		A7CE004028800F610014B37C /* bensound-thethief.mp3 */ = {isa = PBXFileReference; lastKnownFileType = audio.mp3; path = "bensound-thethief.mp3"; sourceTree = "<group>"; };
		A7CE004128800F610014B37C /* bensound-mademoiselle.mp3 */ = {isa = PBXFileReference; lastKnownFileType = audio.mp3; path = "bensound-mademoiselle.mp3"; sourceTree = "<group>"; };
		A7CE004228800F610014B37C /* bensound-goodmood.mp3 */ = {isa = PBXFileReference; lastKnownFileType = audio.mp3; path = "bensound-goodmood.mp3"; sourceTree = "<group>"; };
		A7CE004328800F610014B37C /* allthat.mp3 */ = {isa = PBXFileReference; lastKnownFileType = audio.mp3; path = allthat.mp3; sourceTree = "<group>"; };
		A7CE004428800F610014B37C /* thejazzpiano.mp3 */ = {isa = PBXFileReference; lastKnownFileType = audio.mp3; path = thejazzpiano.mp3; sourceTree = "<group>"; };
		A7CE004528800F610014B37C /* badass.mp3 */ = {isa = PBXFileReference; lastKnownFileType = audio.mp3; path = badass.mp3; sourceTree = "<group>"; };
		A7CE0055288017E10014B37C /* buddy.mp3 */ = {isa = PBXFileReference; lastKnownFileType = audio.mp3; path = buddy.mp3; sourceTree = "<group>"; };
		A7CE0056288017E10014B37C /* smile.mp3 */ = {isa = PBXFileReference; lastKnownFileType = audio.mp3; path = smile.mp3; sourceTree = "<group>"; };
		A7CE0057288017E10014B37C /* tenderness.mp3 */ = {isa = PBXFileReference; lastKnownFileType = audio.mp3; path = tenderness.mp3; sourceTree = "<group>"; };
		A7CE0058288017E10014B37C /* cute.mp3 */ = {isa = PBXFileReference; lastKnownFileType = audio.mp3; path = cute.mp3; sourceTree = "<group>"; };
		A7CE0059288017E10014B37C /* smallguitar.mp3 */ = {isa = PBXFileReference; lastKnownFileType = audio.mp3; path = smallguitar.mp3; sourceTree = "<group>"; };
		A7CE005A288017E10014B37C /* sunny.mp3 */ = {isa = PBXFileReference; lastKnownFileType = audio.mp3; path = sunny.mp3; sourceTree = "<group>"; };
		A7CE005B288017E10014B37C /* sweet.mp3 */ = {isa = PBXFileReference; lastKnownFileType = audio.mp3; path = sweet.mp3; sourceTree = "<group>"; };
		A7CE005C288017E10014B37C /* acousticbreeze.mp3 */ = {isa = PBXFileReference; lastKnownFileType = audio.mp3; path = acousticbreeze.mp3; sourceTree = "<group>"; };
		A7CE005D288017E10014B37C /* happiness.mp3 */ = {isa = PBXFileReference; lastKnownFileType = audio.mp3; path = happiness.mp3; sourceTree = "<group>"; };
		A7CE005E288017E10014B37C /* funday.mp3 */ = {isa = PBXFileReference; lastKnownFileType = audio.mp3; path = funday.mp3; sourceTree = "<group>"; };
		A7CE005F288017E10014B37C /* slowmotion.mp3 */ = {isa = PBXFileReference; lastKnownFileType = audio.mp3; path = slowmotion.mp3; sourceTree = "<group>"; };
		A7CE0060288017E10014B37C /* adaytoremember.mp3 */ = {isa = PBXFileReference; lastKnownFileType = audio.mp3; path = adaytoremember.mp3; sourceTree = "<group>"; };
		A7CE0061288017E10014B37C /* hey.mp3 */ = {isa = PBXFileReference; lastKnownFileType = audio.mp3; path = hey.mp3; sourceTree = "<group>"; };
		A7CE0062288017E10014B37C /* ukulele.mp3 */ = {isa = PBXFileReference; lastKnownFileType = audio.mp3; path = ukulele.mp3; sourceTree = "<group>"; };
		A7CE0063288017E10014B37C /* funkysuspense.mp3 */ = {isa = PBXFileReference; lastKnownFileType = audio.mp3; path = funkysuspense.mp3; sourceTree = "<group>"; };
		A7CE0074288017E90014B37C /* ofeliasdream.mp3 */ = {isa = PBXFileReference; lastKnownFileType = audio.mp3; path = ofeliasdream.mp3; sourceTree = "<group>"; };
		A7CE0075288017E90014B37C /* memories.mp3 */ = {isa = PBXFileReference; lastKnownFileType = audio.mp3; path = memories.mp3; sourceTree = "<group>"; };
		A7CE0076288017E90014B37C /* birthofahero.mp3 */ = {isa = PBXFileReference; lastKnownFileType = audio.mp3; path = birthofahero.mp3; sourceTree = "<group>"; };
		A7CE0077288017E90014B37C /* november.mp3 */ = {isa = PBXFileReference; lastKnownFileType = audio.mp3; path = november.mp3; sourceTree = "<group>"; };
		A7CE0078288017E90014B37C /* tomorrow.mp3 */ = {isa = PBXFileReference; lastKnownFileType = audio.mp3; path = tomorrow.mp3; sourceTree = "<group>"; };
		A7CE0079288017E90014B37C /* theduel.mp3 */ = {isa = PBXFileReference; lastKnownFileType = audio.mp3; path = theduel.mp3; sourceTree = "<group>"; };
		A7CE007A288017E90014B37C /* photoalbum.mp3 */ = {isa = PBXFileReference; lastKnownFileType = audio.mp3; path = photoalbum.mp3; sourceTree = "<group>"; };
		A7CE007B288017E90014B37C /* instinct.mp3 */ = {isa = PBXFileReference; lastKnownFileType = audio.mp3; path = instinct.mp3; sourceTree = "<group>"; };
		A7CE007C288017E90014B37C /* pianomoment.mp3 */ = {isa = PBXFileReference; lastKnownFileType = audio.mp3; path = pianomoment.mp3; sourceTree = "<group>"; };
		A7CE007D288017E90014B37C /* scifi.mp3 */ = {isa = PBXFileReference; lastKnownFileType = audio.mp3; path = scifi.mp3; sourceTree = "<group>"; };
		A7CE007E288017E90014B37C /* adventure.mp3 */ = {isa = PBXFileReference; lastKnownFileType = audio.mp3; path = adventure.mp3; sourceTree = "<group>"; };
		A7CE007F288017E90014B37C /* epic.mp3 */ = {isa = PBXFileReference; lastKnownFileType = audio.mp3; path = epic.mp3; sourceTree = "<group>"; };
		A7CE0080288017E90014B37C /* evolution.mp3 */ = {isa = PBXFileReference; lastKnownFileType = audio.mp3; path = evolution.mp3; sourceTree = "<group>"; };
		A7CE0081288017E90014B37C /* creepy.mp3 */ = {isa = PBXFileReference; lastKnownFileType = audio.mp3; path = creepy.mp3; sourceTree = "<group>"; };
		A7CE0082288017E90014B37C /* betterdays.mp3 */ = {isa = PBXFileReference; lastKnownFileType = audio.mp3; path = betterdays.mp3; sourceTree = "<group>"; };
		A7CE0083288017E90014B37C /* onceagain.mp3 */ = {isa = PBXFileReference; lastKnownFileType = audio.mp3; path = onceagain.mp3; sourceTree = "<group>"; };
		A7CE0084288017E90014B37C /* enigmatic.mp3 */ = {isa = PBXFileReference; lastKnownFileType = audio.mp3; path = enigmatic.mp3; sourceTree = "<group>"; };
		A7CEFF51287EBC3D0014B37C /* FoxMusic.app */ = {isa = PBXFileReference; explicitFileType = wrapper.application; includeInIndex = 0; path = FoxMusic.app; sourceTree = BUILT_PRODUCTS_DIR; };
		A7CEFF54287EBC3D0014B37C /* AppDelegate.swift */ = {isa = PBXFileReference; lastKnownFileType = sourcecode.swift; path = AppDelegate.swift; sourceTree = "<group>"; };
		A7CEFF56287EBC3D0014B37C /* SceneDelegate.swift */ = {isa = PBXFileReference; lastKnownFileType = sourcecode.swift; path = SceneDelegate.swift; sourceTree = "<group>"; };
		A7CEFF5B287EBC3D0014B37C /* Base */ = {isa = PBXFileReference; lastKnownFileType = file.storyboard; name = Base; path = Base.lproj/Main.storyboard; sourceTree = "<group>"; };
		A7CEFF5D287EBC3F0014B37C /* Assets.xcassets */ = {isa = PBXFileReference; lastKnownFileType = folder.assetcatalog; path = Assets.xcassets; sourceTree = "<group>"; };
		A7CEFF60287EBC3F0014B37C /* Base */ = {isa = PBXFileReference; lastKnownFileType = file.storyboard; name = Base; path = Base.lproj/LaunchScreen.storyboard; sourceTree = "<group>"; };
		A7CEFF62287EBC3F0014B37C /* Info.plist */ = {isa = PBXFileReference; lastKnownFileType = text.plist.xml; path = Info.plist; sourceTree = "<group>"; };
		A7CEFF69287EBCCE0014B37C /* Song.swift */ = {isa = PBXFileReference; fileEncoding = 4; lastKnownFileType = sourcecode.swift; path = Song.swift; sourceTree = "<group>"; };
		A7CEFF6A287EBCCE0014B37C /* Album.swift */ = {isa = PBXFileReference; fileEncoding = 4; lastKnownFileType = sourcecode.swift; path = Album.swift; sourceTree = "<group>"; };
		A7CEFF8B287EBCCE0014B37C /* AlbumTableViewCell.swift */ = {isa = PBXFileReference; fileEncoding = 4; lastKnownFileType = sourcecode.swift; path = AlbumTableViewCell.swift; sourceTree = "<group>"; };
		A7CEFF8C287EBCCE0014B37C /* MediaPlayer.swift */ = {isa = PBXFileReference; fileEncoding = 4; lastKnownFileType = sourcecode.swift; path = MediaPlayer.swift; sourceTree = "<group>"; };
		A7CEFF8E287EBCCE0014B37C /* AlbumViewController.swift */ = {isa = PBXFileReference; fileEncoding = 4; lastKnownFileType = sourcecode.swift; path = AlbumViewController.swift; sourceTree = "<group>"; };
		A7CEFF8F287EBCCE0014B37C /* MusicPlayerViewController.swift */ = {isa = PBXFileReference; fileEncoding = 4; lastKnownFileType = sourcecode.swift; path = MusicPlayerViewController.swift; sourceTree = "<group>"; };
		A7F879F32894254900673941 /* CGPoint+Extension.swift */ = {isa = PBXFileReference; lastKnownFileType = sourcecode.swift; path = "CGPoint+Extension.swift"; sourceTree = "<group>"; };
		A7F879F72897E97100673941 /* UIImageView+drawCircle.swift */ = {isa = PBXFileReference; lastKnownFileType = sourcecode.swift; path = "UIImageView+drawCircle.swift"; sourceTree = "<group>"; };
		A7F879F92897EBD200673941 /* UIView+GradientOnPath.swift */ = {isa = PBXFileReference; lastKnownFileType = sourcecode.swift; path = "UIView+GradientOnPath.swift"; sourceTree = "<group>"; };
/* End PBXFileReference section */

/* Begin PBXFrameworksBuildPhase section */
		A7CEFF4E287EBC3D0014B37C /* Frameworks */ = {
			isa = PBXFrameworksBuildPhase;
			buildActionMask = 2147483647;
			files = (
			);
			runOnlyForDeploymentPostprocessing = 0;
		};
/* End PBXFrameworksBuildPhase section */

/* Begin PBXGroup section */
		7D34709128D2DB3100616560 /* Genres */ = {
			isa = PBXGroup;
			children = (
				7D34708F28D2D8FB00616560 /* GenreViewController.swift */,
				7D34709628D2DF4500616560 /* GenreCollectionViewCell.swift */,
				7D34709828D2E05D00616560 /* GenreViewModel.swift */,
			);
			path = Genres;
			sourceTree = "<group>";
		};
		A7845AC328B609CA00E26C89 /* Utilities */ = {
			isa = PBXGroup;
			children = (
				A7845AC428B609DE00E26C89 /* Constants.swift */,
			);
			path = Utilities;
			sourceTree = "<group>";
		};
		A78CB3852891136E00A2AAB8 /* Scenes */ = {
			isa = PBXGroup;
			children = (
				7D34709128D2DB3100616560 /* Genres */,
				A78CB3872891138C00A2AAB8 /* Albums */,
				A78CB3862891137900A2AAB8 /* MediaPlayer */,
			);
			path = Scenes;
			sourceTree = "<group>";
		};
		A78CB3862891137900A2AAB8 /* MediaPlayer */ = {
			isa = PBXGroup;
			children = (
				A7CEFF8F287EBCCE0014B37C /* MusicPlayerViewController.swift */,
				A7CEFF8C287EBCCE0014B37C /* MediaPlayer.swift */,
				7D5AD65228ED672B007E98B3 /* MusicKitPlayer.swift */,
			);
			path = MediaPlayer;
			sourceTree = "<group>";
		};
		A78CB3872891138C00A2AAB8 /* Albums */ = {
			isa = PBXGroup;
			children = (
				A7CEFF8E287EBCCE0014B37C /* AlbumViewController.swift */,
				A7CEFF8B287EBCCE0014B37C /* AlbumTableViewCell.swift */,
				7D489FAA28BF76C400FEA7B6 /* AlbumViewModel.swift */,
			);
			path = Albums;
			sourceTree = "<group>";
		};
		A7CE003728800F610014B37C /* jazz */ = {
			isa = PBXGroup;
			children = (
				A7CE003828800F610014B37C /* love.mp3 */,
				A7CE003928800F610014B37C /* jazzyfrenchy.mp3 */,
				A7CE003A28800F610014B37C /* hipjazz.mp3 */,
				A7CE003B28800F610014B37C /* jazzcomedy.mp3 */,
				A7CE003C28800F610014B37C /* thelounge.mp3 */,
				A7CE003D28800F610014B37C /* bensound-doctoryes.mp3 */,
				A7CE003E28800F610014B37C /* bensound-thereddress.mp3 */,
				A7CE003F28800F610014B37C /* bensound-charliesmood.mp3 */,
				A7CE004028800F610014B37C /* bensound-thethief.mp3 */,
				A7CE004128800F610014B37C /* bensound-mademoiselle.mp3 */,
				A7CE004228800F610014B37C /* bensound-goodmood.mp3 */,
				A7CE004328800F610014B37C /* allthat.mp3 */,
				A7CE004428800F610014B37C /* thejazzpiano.mp3 */,
				A7CE004528800F610014B37C /* badass.mp3 */,
			);
			path = jazz;
			sourceTree = "<group>";
		};
		A7CE0054288017E10014B37C /* acoustic */ = {
			isa = PBXGroup;
			children = (
				A7CE0055288017E10014B37C /* buddy.mp3 */,
				A7CE0056288017E10014B37C /* smile.mp3 */,
				A7CE0057288017E10014B37C /* tenderness.mp3 */,
				A7CE0058288017E10014B37C /* cute.mp3 */,
				A7CE0059288017E10014B37C /* smallguitar.mp3 */,
				A7CE005A288017E10014B37C /* sunny.mp3 */,
				A7CE005B288017E10014B37C /* sweet.mp3 */,
				A7CE005C288017E10014B37C /* acousticbreeze.mp3 */,
				A7CE005D288017E10014B37C /* happiness.mp3 */,
				A7CE005E288017E10014B37C /* funday.mp3 */,
				A7CE005F288017E10014B37C /* slowmotion.mp3 */,
				A7CE0060288017E10014B37C /* adaytoremember.mp3 */,
				A7CE0061288017E10014B37C /* hey.mp3 */,
				A7CE0062288017E10014B37C /* ukulele.mp3 */,
				A7CE0063288017E10014B37C /* funkysuspense.mp3 */,
			);
			path = acoustic;
			sourceTree = "<group>";
		};
		A7CE0073288017E90014B37C /* cinematic */ = {
			isa = PBXGroup;
			children = (
				A7CE0074288017E90014B37C /* ofeliasdream.mp3 */,
				A7CE0075288017E90014B37C /* memories.mp3 */,
				A7CE0076288017E90014B37C /* birthofahero.mp3 */,
				A7CE0077288017E90014B37C /* november.mp3 */,
				A7CE0078288017E90014B37C /* tomorrow.mp3 */,
				A7CE0079288017E90014B37C /* theduel.mp3 */,
				A7CE007A288017E90014B37C /* photoalbum.mp3 */,
				A7CE007B288017E90014B37C /* instinct.mp3 */,
				A7CE007C288017E90014B37C /* pianomoment.mp3 */,
				A7CE007D288017E90014B37C /* scifi.mp3 */,
				A7CE007E288017E90014B37C /* adventure.mp3 */,
				A7CE007F288017E90014B37C /* epic.mp3 */,
				A7CE0080288017E90014B37C /* evolution.mp3 */,
				A7CE0081288017E90014B37C /* creepy.mp3 */,
				A7CE0082288017E90014B37C /* betterdays.mp3 */,
				A7CE0083288017E90014B37C /* onceagain.mp3 */,
				A7CE0084288017E90014B37C /* enigmatic.mp3 */,
			);
			path = cinematic;
			sourceTree = "<group>";
		};
		A7CEFF48287EBC3D0014B37C = {
			isa = PBXGroup;
			children = (
				A7CEFF53287EBC3D0014B37C /* FoxMusic */,
				A7CEFF52287EBC3D0014B37C /* Products */,
			);
			sourceTree = "<group>";
		};
		A7CEFF52287EBC3D0014B37C /* Products */ = {
			isa = PBXGroup;
			children = (
				A7CEFF51287EBC3D0014B37C /* FoxMusic.app */,
			);
			name = Products;
			sourceTree = "<group>";
		};
		A7CEFF53287EBC3D0014B37C /* FoxMusic */ = {
			isa = PBXGroup;
			children = (
				A7CEFF68287EBCCE0014B37C /* Models */,
				A78CB3852891136E00A2AAB8 /* Scenes */,
				A7CE0073288017E90014B37C /* cinematic */,
				A7CE0054288017E10014B37C /* acoustic */,
				A7CE003728800F610014B37C /* jazz */,
				A7CEFF8A287EBCCE0014B37C /* Views */,
				A7845AC328B609CA00E26C89 /* Utilities */,
				A7CEFF54287EBC3D0014B37C /* AppDelegate.swift */,
				A7CEFF56287EBC3D0014B37C /* SceneDelegate.swift */,
				A7CEFF5A287EBC3D0014B37C /* Main.storyboard */,
				A7CEFF5D287EBC3F0014B37C /* Assets.xcassets */,
				A7CEFF5F287EBC3F0014B37C /* LaunchScreen.storyboard */,
				A7CEFF62287EBC3F0014B37C /* Info.plist */,
				7D489FAC28C73F5B00FEA7B6 /* MusicStorage.swift */,
				7D489FAE28C8786D00FEA7B6 /* AppleMusicURLComponents.swift */,
				7D34709A28E2F0B300616560 /* MusicStorageError.swift */,
				7D5AD65028EC75D4007E98B3 /* PlayerViewController.swift */,
			);
			path = FoxMusic;
			sourceTree = "<group>";
		};
		A7CEFF68287EBCCE0014B37C /* Models */ = {
			isa = PBXGroup;
			children = (
				A7CEFF69287EBCCE0014B37C /* Song.swift */,
				A7CEFF6A287EBCCE0014B37C /* Album.swift */,
				7D34709228D2DB5D00616560 /* MusicCollection.swift */,
				7D34709428D2DBA000616560 /* Genre.swift */,
			);
			path = Models;
			sourceTree = "<group>";
		};
		A7CEFF8A287EBCCE0014B37C /* Views */ = {
			isa = PBXGroup;
			children = (
				A7F879F32894254900673941 /* CGPoint+Extension.swift */,
				A78CB37F288FF97E00A2AAB8 /* CircularSlider.swift */,
				A7F879F72897E97100673941 /* UIImageView+drawCircle.swift */,
				A7F879F92897EBD200673941 /* UIView+GradientOnPath.swift */,
				A7845AC128B5083D00E26C89 /* ThemeConfigurator.swift */,
			);
			path = Views;
			sourceTree = "<group>";
		};
/* End PBXGroup section */

/* Begin PBXNativeTarget section */
		A7CEFF50287EBC3D0014B37C /* FoxMusic */ = {
			isa = PBXNativeTarget;
			buildConfigurationList = A7CEFF65287EBC3F0014B37C /* Build configuration list for PBXNativeTarget "FoxMusic" */;
			buildPhases = (
				A7CEFF4D287EBC3D0014B37C /* Sources */,
				A7CEFF4E287EBC3D0014B37C /* Frameworks */,
				A7CEFF4F287EBC3D0014B37C /* Resources */,
			);
			buildRules = (
			);
			dependencies = (
			);
			name = FoxMusic;
			productName = FoxMusic;
			productReference = A7CEFF51287EBC3D0014B37C /* FoxMusic.app */;
			productType = "com.apple.product-type.application";
		};
/* End PBXNativeTarget section */

/* Begin PBXProject section */
		A7CEFF49287EBC3D0014B37C /* Project object */ = {
			isa = PBXProject;
			attributes = {
				BuildIndependentTargetsInParallel = 1;
				LastSwiftUpdateCheck = 1340;
				LastUpgradeCheck = 1340;
				TargetAttributes = {
					A7CEFF50287EBC3D0014B37C = {
						CreatedOnToolsVersion = 13.4.1;
					};
				};
			};
			buildConfigurationList = A7CEFF4C287EBC3D0014B37C /* Build configuration list for PBXProject "FoxMusic" */;
			compatibilityVersion = "Xcode 13.0";
			developmentRegion = en;
			hasScannedForEncodings = 0;
			knownRegions = (
				en,
				Base,
			);
			mainGroup = A7CEFF48287EBC3D0014B37C;
			productRefGroup = A7CEFF52287EBC3D0014B37C /* Products */;
			projectDirPath = "";
			projectRoot = "";
			targets = (
				A7CEFF50287EBC3D0014B37C /* FoxMusic */,
			);
		};
/* End PBXProject section */

/* Begin PBXResourcesBuildPhase section */
		A7CEFF4F287EBC3D0014B37C /* Resources */ = {
			isa = PBXResourcesBuildPhase;
			buildActionMask = 2147483647;
			files = (
				A7CE0094288017E90014B37C /* onceagain.mp3 in Resources */,
				A7CE004C28800F610014B37C /* bensound-thereddress.mp3 in Resources */,
				A7CE0095288017E90014B37C /* enigmatic.mp3 in Resources */,
				A7CE0093288017E90014B37C /* betterdays.mp3 in Resources */,
				A7CE004728800F610014B37C /* jazzyfrenchy.mp3 in Resources */,
				A7CE0067288017E10014B37C /* cute.mp3 in Resources */,
				A7CE0090288017E90014B37C /* epic.mp3 in Resources */,
				A7CE008D288017E90014B37C /* pianomoment.mp3 in Resources */,
				A7CE004828800F610014B37C /* hipjazz.mp3 in Resources */,
				A7CE0066288017E10014B37C /* tenderness.mp3 in Resources */,
				A7CE004E28800F610014B37C /* bensound-thethief.mp3 in Resources */,
				A7CE005028800F610014B37C /* bensound-goodmood.mp3 in Resources */,
				A7CE006A288017E10014B37C /* sweet.mp3 in Resources */,
				A7CE005228800F610014B37C /* thejazzpiano.mp3 in Resources */,
				A7CE0065288017E10014B37C /* smile.mp3 in Resources */,
				A7CE004928800F610014B37C /* jazzcomedy.mp3 in Resources */,
				A7CE006F288017E10014B37C /* adaytoremember.mp3 in Resources */,
				A7CE0068288017E10014B37C /* smallguitar.mp3 in Resources */,
				A7CE004628800F610014B37C /* love.mp3 in Resources */,
				A7CE005328800F610014B37C /* badass.mp3 in Resources */,
				A7CE006C288017E10014B37C /* happiness.mp3 in Resources */,
				A7CE0089288017E90014B37C /* tomorrow.mp3 in Resources */,
				A7CEFF61287EBC3F0014B37C /* LaunchScreen.storyboard in Resources */,
				A7CE0092288017E90014B37C /* creepy.mp3 in Resources */,
				A7CE008B288017E90014B37C /* photoalbum.mp3 in Resources */,
				A7CEFF5E287EBC3F0014B37C /* Assets.xcassets in Resources */,
				A7CE0072288017E10014B37C /* funkysuspense.mp3 in Resources */,
				A7CE0087288017E90014B37C /* birthofahero.mp3 in Resources */,
				A7CE008C288017E90014B37C /* instinct.mp3 in Resources */,
				A7CE0088288017E90014B37C /* november.mp3 in Resources */,
				A7CE0064288017E10014B37C /* buddy.mp3 in Resources */,
				A7CE006D288017E10014B37C /* funday.mp3 in Resources */,
				A7CE004F28800F610014B37C /* bensound-mademoiselle.mp3 in Resources */,
				A7CE0091288017E90014B37C /* evolution.mp3 in Resources */,
				A7CE004A28800F610014B37C /* thelounge.mp3 in Resources */,
				A7CE0086288017E90014B37C /* memories.mp3 in Resources */,
				A7CE004B28800F610014B37C /* bensound-doctoryes.mp3 in Resources */,
				A7CE008E288017E90014B37C /* scifi.mp3 in Resources */,
				A7CE005128800F610014B37C /* allthat.mp3 in Resources */,
				A7CEFF5C287EBC3D0014B37C /* Main.storyboard in Resources */,
				A7CE0071288017E10014B37C /* ukulele.mp3 in Resources */,
				A7CE0085288017E90014B37C /* ofeliasdream.mp3 in Resources */,
				A7CE004D28800F610014B37C /* bensound-charliesmood.mp3 in Resources */,
				A7CE0069288017E10014B37C /* sunny.mp3 in Resources */,
				A7CE008A288017E90014B37C /* theduel.mp3 in Resources */,
				A7CE008F288017E90014B37C /* adventure.mp3 in Resources */,
				A7CE0070288017E10014B37C /* hey.mp3 in Resources */,
				A7CE006B288017E10014B37C /* acousticbreeze.mp3 in Resources */,
				A7CE006E288017E10014B37C /* slowmotion.mp3 in Resources */,
			);
			runOnlyForDeploymentPostprocessing = 0;
		};
/* End PBXResourcesBuildPhase section */

/* Begin PBXSourcesBuildPhase section */
		A7CEFF4D287EBC3D0014B37C /* Sources */ = {
			isa = PBXSourcesBuildPhase;
			buildActionMask = 2147483647;
			files = (
				A7CEFFA2287EBCCE0014B37C /* Song.swift in Sources */,
				A7CEFFC2287EBCCE0014B37C /* MediaPlayer.swift in Sources */,
				A7F879FA2897EBD200673941 /* UIView+GradientOnPath.swift in Sources */,
				7D489FAD28C73F5B00FEA7B6 /* MusicStorage.swift in Sources */,
				7D489FAB28BF76C400FEA7B6 /* AlbumViewModel.swift in Sources */,
				7D34709728D2DF4500616560 /* GenreCollectionViewCell.swift in Sources */,
				A78CB380288FF97E00A2AAB8 /* CircularSlider.swift in Sources */,
				A7CEFF55287EBC3D0014B37C /* AppDelegate.swift in Sources */,
				7D34709328D2DB5D00616560 /* MusicCollection.swift in Sources */,
				A7845AC228B5083D00E26C89 /* ThemeConfigurator.swift in Sources */,
				A7CEFF57287EBC3D0014B37C /* SceneDelegate.swift in Sources */,
				A7CEFFA3287EBCCE0014B37C /* Album.swift in Sources */,
				7D5AD65328ED672B007E98B3 /* MusicKitPlayer.swift in Sources */,
				A7CEFFC3287EBCCE0014B37C /* AlbumViewController.swift in Sources */,
				A7CEFFC4287EBCCE0014B37C /* MusicPlayerViewController.swift in Sources */,
				A7CEFFC1287EBCCE0014B37C /* AlbumTableViewCell.swift in Sources */,
				A7845AC528B609DE00E26C89 /* Constants.swift in Sources */,
				7D34709928D2E05D00616560 /* GenreViewModel.swift in Sources */,
				7D5AD65128EC75D4007E98B3 /* PlayerViewController.swift in Sources */,
				A7F879F82897E97100673941 /* UIImageView+drawCircle.swift in Sources */,
				A7F879F42894254900673941 /* CGPoint+Extension.swift in Sources */,
				7D34709028D2D8FB00616560 /* GenreViewController.swift in Sources */,
				7D489FAF28C8786D00FEA7B6 /* AppleMusicURLComponents.swift in Sources */,
				7D34709B28E2F0B300616560 /* MusicStorageError.swift in Sources */,
				7D34709528D2DBA000616560 /* Genre.swift in Sources */,
			);
			runOnlyForDeploymentPostprocessing = 0;
		};
/* End PBXSourcesBuildPhase section */

/* Begin PBXVariantGroup section */
		A7CEFF5A287EBC3D0014B37C /* Main.storyboard */ = {
			isa = PBXVariantGroup;
			children = (
				A7CEFF5B287EBC3D0014B37C /* Base */,
			);
			name = Main.storyboard;
			sourceTree = "<group>";
		};
		A7CEFF5F287EBC3F0014B37C /* LaunchScreen.storyboard */ = {
			isa = PBXVariantGroup;
			children = (
				A7CEFF60287EBC3F0014B37C /* Base */,
			);
			name = LaunchScreen.storyboard;
			sourceTree = "<group>";
		};
/* End PBXVariantGroup section */

/* Begin XCBuildConfiguration section */
		A7CEFF63287EBC3F0014B37C /* Debug */ = {
			isa = XCBuildConfiguration;
			buildSettings = {
				ALWAYS_SEARCH_USER_PATHS = NO;
				CLANG_ANALYZER_NONNULL = YES;
				CLANG_ANALYZER_NUMBER_OBJECT_CONVERSION = YES_AGGRESSIVE;
				CLANG_CXX_LANGUAGE_STANDARD = "gnu++17";
				CLANG_ENABLE_MODULES = YES;
				CLANG_ENABLE_OBJC_ARC = YES;
				CLANG_ENABLE_OBJC_WEAK = YES;
				CLANG_WARN_BLOCK_CAPTURE_AUTORELEASING = YES;
				CLANG_WARN_BOOL_CONVERSION = YES;
				CLANG_WARN_COMMA = YES;
				CLANG_WARN_CONSTANT_CONVERSION = YES;
				CLANG_WARN_DEPRECATED_OBJC_IMPLEMENTATIONS = YES;
				CLANG_WARN_DIRECT_OBJC_ISA_USAGE = YES_ERROR;
				CLANG_WARN_DOCUMENTATION_COMMENTS = YES;
				CLANG_WARN_EMPTY_BODY = YES;
				CLANG_WARN_ENUM_CONVERSION = YES;
				CLANG_WARN_INFINITE_RECURSION = YES;
				CLANG_WARN_INT_CONVERSION = YES;
				CLANG_WARN_NON_LITERAL_NULL_CONVERSION = YES;
				CLANG_WARN_OBJC_IMPLICIT_RETAIN_SELF = YES;
				CLANG_WARN_OBJC_LITERAL_CONVERSION = YES;
				CLANG_WARN_OBJC_ROOT_CLASS = YES_ERROR;
				CLANG_WARN_QUOTED_INCLUDE_IN_FRAMEWORK_HEADER = YES;
				CLANG_WARN_RANGE_LOOP_ANALYSIS = YES;
				CLANG_WARN_STRICT_PROTOTYPES = YES;
				CLANG_WARN_SUSPICIOUS_MOVE = YES;
				CLANG_WARN_UNGUARDED_AVAILABILITY = YES_AGGRESSIVE;
				CLANG_WARN_UNREACHABLE_CODE = YES;
				CLANG_WARN__DUPLICATE_METHOD_MATCH = YES;
				COPY_PHASE_STRIP = NO;
				DEBUG_INFORMATION_FORMAT = dwarf;
				ENABLE_STRICT_OBJC_MSGSEND = YES;
				ENABLE_TESTABILITY = YES;
				GCC_C_LANGUAGE_STANDARD = gnu11;
				GCC_DYNAMIC_NO_PIC = NO;
				GCC_NO_COMMON_BLOCKS = YES;
				GCC_OPTIMIZATION_LEVEL = 0;
				GCC_PREPROCESSOR_DEFINITIONS = (
					"DEBUG=1",
					"$(inherited)",
				);
				GCC_WARN_64_TO_32_BIT_CONVERSION = YES;
				GCC_WARN_ABOUT_RETURN_TYPE = YES_ERROR;
				GCC_WARN_UNDECLARED_SELECTOR = YES;
				GCC_WARN_UNINITIALIZED_AUTOS = YES_AGGRESSIVE;
				GCC_WARN_UNUSED_FUNCTION = YES;
				GCC_WARN_UNUSED_VARIABLE = YES;
				IPHONEOS_DEPLOYMENT_TARGET = 15.5;
				MTL_ENABLE_DEBUG_INFO = INCLUDE_SOURCE;
				MTL_FAST_MATH = YES;
				ONLY_ACTIVE_ARCH = YES;
				SDKROOT = iphoneos;
				SWIFT_ACTIVE_COMPILATION_CONDITIONS = DEBUG;
				SWIFT_OPTIMIZATION_LEVEL = "-Onone";
			};
			name = Debug;
		};
		A7CEFF64287EBC3F0014B37C /* Release */ = {
			isa = XCBuildConfiguration;
			buildSettings = {
				ALWAYS_SEARCH_USER_PATHS = NO;
				CLANG_ANALYZER_NONNULL = YES;
				CLANG_ANALYZER_NUMBER_OBJECT_CONVERSION = YES_AGGRESSIVE;
				CLANG_CXX_LANGUAGE_STANDARD = "gnu++17";
				CLANG_ENABLE_MODULES = YES;
				CLANG_ENABLE_OBJC_ARC = YES;
				CLANG_ENABLE_OBJC_WEAK = YES;
				CLANG_WARN_BLOCK_CAPTURE_AUTORELEASING = YES;
				CLANG_WARN_BOOL_CONVERSION = YES;
				CLANG_WARN_COMMA = YES;
				CLANG_WARN_CONSTANT_CONVERSION = YES;
				CLANG_WARN_DEPRECATED_OBJC_IMPLEMENTATIONS = YES;
				CLANG_WARN_DIRECT_OBJC_ISA_USAGE = YES_ERROR;
				CLANG_WARN_DOCUMENTATION_COMMENTS = YES;
				CLANG_WARN_EMPTY_BODY = YES;
				CLANG_WARN_ENUM_CONVERSION = YES;
				CLANG_WARN_INFINITE_RECURSION = YES;
				CLANG_WARN_INT_CONVERSION = YES;
				CLANG_WARN_NON_LITERAL_NULL_CONVERSION = YES;
				CLANG_WARN_OBJC_IMPLICIT_RETAIN_SELF = YES;
				CLANG_WARN_OBJC_LITERAL_CONVERSION = YES;
				CLANG_WARN_OBJC_ROOT_CLASS = YES_ERROR;
				CLANG_WARN_QUOTED_INCLUDE_IN_FRAMEWORK_HEADER = YES;
				CLANG_WARN_RANGE_LOOP_ANALYSIS = YES;
				CLANG_WARN_STRICT_PROTOTYPES = YES;
				CLANG_WARN_SUSPICIOUS_MOVE = YES;
				CLANG_WARN_UNGUARDED_AVAILABILITY = YES_AGGRESSIVE;
				CLANG_WARN_UNREACHABLE_CODE = YES;
				CLANG_WARN__DUPLICATE_METHOD_MATCH = YES;
				COPY_PHASE_STRIP = NO;
				DEBUG_INFORMATION_FORMAT = "dwarf-with-dsym";
				ENABLE_NS_ASSERTIONS = NO;
				ENABLE_STRICT_OBJC_MSGSEND = YES;
				GCC_C_LANGUAGE_STANDARD = gnu11;
				GCC_NO_COMMON_BLOCKS = YES;
				GCC_WARN_64_TO_32_BIT_CONVERSION = YES;
				GCC_WARN_ABOUT_RETURN_TYPE = YES_ERROR;
				GCC_WARN_UNDECLARED_SELECTOR = YES;
				GCC_WARN_UNINITIALIZED_AUTOS = YES_AGGRESSIVE;
				GCC_WARN_UNUSED_FUNCTION = YES;
				GCC_WARN_UNUSED_VARIABLE = YES;
				IPHONEOS_DEPLOYMENT_TARGET = 15.5;
				MTL_ENABLE_DEBUG_INFO = NO;
				MTL_FAST_MATH = YES;
				SDKROOT = iphoneos;
				SWIFT_COMPILATION_MODE = wholemodule;
				SWIFT_OPTIMIZATION_LEVEL = "-O";
				VALIDATE_PRODUCT = YES;
			};
			name = Release;
		};
		A7CEFF66287EBC3F0014B37C /* Debug */ = {
			isa = XCBuildConfiguration;
			buildSettings = {
				ASSETCATALOG_COMPILER_APPICON_NAME = AppIcon;
				ASSETCATALOG_COMPILER_GLOBAL_ACCENT_COLOR_NAME = AccentColor;
				CODE_SIGN_STYLE = Automatic;
				CURRENT_PROJECT_VERSION = 1;
				DEVELOPMENT_TEAM = 99HLL2MZ5J;
				GENERATE_INFOPLIST_FILE = YES;
				INFOPLIST_FILE = FoxMusic/Info.plist;
				INFOPLIST_KEY_NSAppleMusicUsageDescription = "This app requires Apple Music library access to play music tracks.";
				INFOPLIST_KEY_UIApplicationSupportsIndirectInputEvents = YES;
				INFOPLIST_KEY_UILaunchStoryboardName = LaunchScreen;
				INFOPLIST_KEY_UIMainStoryboardFile = Main;
				INFOPLIST_KEY_UIStatusBarStyle = UIStatusBarStyleLightContent;
				INFOPLIST_KEY_UISupportedInterfaceOrientations = UIInterfaceOrientationPortrait;
				INFOPLIST_KEY_UISupportedInterfaceOrientations_iPad = "UIInterfaceOrientationLandscapeLeft UIInterfaceOrientationLandscapeRight UIInterfaceOrientationPortrait UIInterfaceOrientationPortraitUpsideDown";
				IPHONEOS_DEPLOYMENT_TARGET = 16.0;
				LD_RUNPATH_SEARCH_PATHS = (
					"$(inherited)",
					"@executable_path/Frameworks",
				);
				MARKETING_VERSION = 1.0;
				PRODUCT_BUNDLE_IDENTIFIER = com.valentinaungurean.FoxMusic;
				PRODUCT_NAME = "$(TARGET_NAME)";
				SWIFT_EMIT_LOC_STRINGS = YES;
				SWIFT_VERSION = 5.0;
				TARGETED_DEVICE_FAMILY = "1,2";
			};
			name = Debug;
		};
		A7CEFF67287EBC3F0014B37C /* Release */ = {
			isa = XCBuildConfiguration;
			buildSettings = {
				ASSETCATALOG_COMPILER_APPICON_NAME = AppIcon;
				ASSETCATALOG_COMPILER_GLOBAL_ACCENT_COLOR_NAME = AccentColor;
				CODE_SIGN_STYLE = Automatic;
				CURRENT_PROJECT_VERSION = 1;
				DEVELOPMENT_TEAM = 99HLL2MZ5J;
				GENERATE_INFOPLIST_FILE = YES;
				INFOPLIST_FILE = FoxMusic/Info.plist;
				INFOPLIST_KEY_NSAppleMusicUsageDescription = "This app requires Apple Music library access to play music tracks.";
				INFOPLIST_KEY_UIApplicationSupportsIndirectInputEvents = YES;
				INFOPLIST_KEY_UILaunchStoryboardName = LaunchScreen;
				INFOPLIST_KEY_UIMainStoryboardFile = Main;
				INFOPLIST_KEY_UIStatusBarStyle = UIStatusBarStyleLightContent;
				INFOPLIST_KEY_UISupportedInterfaceOrientations = UIInterfaceOrientationPortrait;
				INFOPLIST_KEY_UISupportedInterfaceOrientations_iPad = "UIInterfaceOrientationLandscapeLeft UIInterfaceOrientationLandscapeRight UIInterfaceOrientationPortrait UIInterfaceOrientationPortraitUpsideDown";
				IPHONEOS_DEPLOYMENT_TARGET = 16.0;
				LD_RUNPATH_SEARCH_PATHS = (
					"$(inherited)",
					"@executable_path/Frameworks",
				);
				MARKETING_VERSION = 1.0;
				PRODUCT_BUNDLE_IDENTIFIER = com.valentinaungurean.FoxMusic;
				PRODUCT_NAME = "$(TARGET_NAME)";
				SWIFT_EMIT_LOC_STRINGS = YES;
				SWIFT_VERSION = 5.0;
				TARGETED_DEVICE_FAMILY = "1,2";
			};
			name = Release;
		};
/* End XCBuildConfiguration section */

/* Begin XCConfigurationList section */
		A7CEFF4C287EBC3D0014B37C /* Build configuration list for PBXProject "FoxMusic" */ = {
			isa = XCConfigurationList;
			buildConfigurations = (
				A7CEFF63287EBC3F0014B37C /* Debug */,
				A7CEFF64287EBC3F0014B37C /* Release */,
			);
			defaultConfigurationIsVisible = 0;
			defaultConfigurationName = Release;
		};
		A7CEFF65287EBC3F0014B37C /* Build configuration list for PBXNativeTarget "FoxMusic" */ = {
			isa = XCConfigurationList;
			buildConfigurations = (
				A7CEFF66287EBC3F0014B37C /* Debug */,
				A7CEFF67287EBC3F0014B37C /* Release */,
			);
			defaultConfigurationIsVisible = 0;
			defaultConfigurationName = Release;
		};
/* End XCConfigurationList section */
	};
	rootObject = A7CEFF49287EBC3D0014B37C /* Project object */;
}
